
Microsoft Visual Studio Solution File, Format Version 12.00
# Visual Studio Version 17
VisualStudioVersion = 17.10.34928.147
MinimumVisualStudioVersion = 10.0.40219.1
Project("{FAE04EC0-301F-11D3-BF4B-00C04F79EFBC}") = "netAcademytec", "netAcademytec\netAcademytec.csproj", "{39AC8C5B-10B3-4106-B208-5CD2DA7F54AC}"
EndProject
Project("{2150E333-8FDC-42A3-9474-1A3956D46DE8}") = "1. Domain", "1. Domain", "{A7A00B5F-AC96-4699-A730-B66EA9A4BCE8}"
EndProject
Project("{2150E333-8FDC-42A3-9474-1A3956D46DE8}") = "3. Application", "3. Application", "{D6B975B7-9855-45CE-8DD7-71A02713D838}"
EndProject
Project("{2150E333-8FDC-42A3-9474-1A3956D46DE8}") = "Web", "Web", "{B093CC11-6D13-4100-BC67-ADA7288DA4A8}"
EndProject
Project("{2150E333-8FDC-42A3-9474-1A3956D46DE8}") = "Domain", "Domain", "{4B5B58FD-877E-45AC-8E82-BC20818D0215}"
EndProject
Project("{2150E333-8FDC-42A3-9474-1A3956D46DE8}") = "Entity", "Entity", "{8EB89717-2A88-48F7-8CE9-B05C66462236}"
EndProject
Project("{2150E333-8FDC-42A3-9474-1A3956D46DE8}") = "2. Infraestructure", "2. Infraestructure", "{946BF0BA-318D-454B-8AB6-63F55A726ED7}"
EndProject
Project("{2150E333-8FDC-42A3-9474-1A3956D46DE8}") = "Repository", "Repository", "{B0F832CE-8DF8-46A0-8507-2F442E5AFA27}"
EndProject
Project("{2150E333-8FDC-42A3-9474-1A3956D46DE8}") = "SQL", "SQL", "{4C02EBE3-73B1-4310-B701-7FF59A508298}"
EndProject
Project("{FAE04EC0-301F-11D3-BF4B-00C04F79EFBC}") = "Domain.Domain", "Domain.Domain\Domain.Domain.csproj", "{CDA93E5D-77BC-468D-AE90-D0536A75FDA2}"
EndProject
Project("{FAE04EC0-301F-11D3-BF4B-00C04F79EFBC}") = "Domain.Entity", "Domain.Entity\Domain.Entity.csproj", "{192C758D-11B9-4E88-B1A3-07473A5AD914}"
EndProject
Project("{FAE04EC0-301F-11D3-BF4B-00C04F79EFBC}") = "Domain.Repository", "Domain.Repository\Domain.Repository.csproj", "{F03BF833-A3BE-41BB-9492-916A341471C6}"
EndProject
Project("{FAE04EC0-301F-11D3-BF4B-00C04F79EFBC}") = "Infraestruture.SQL.Negocios", "Infraestruture.SQL.Negocios\Infraestruture.SQL.Negocios.csproj", "{1707B235-A344-4FA3-93DA-1376312A7017}"
EndProject
Global
	GlobalSection(SolutionConfigurationPlatforms) = preSolution
		Debug|Any CPU = Debug|Any CPU
		Release|Any CPU = Release|Any CPU
	EndGlobalSection
	GlobalSection(ProjectConfigurationPlatforms) = postSolution
		{39AC8C5B-10B3-4106-B208-5CD2DA7F54AC}.Debug|Any CPU.ActiveCfg = Debug|Any CPU
		{39AC8C5B-10B3-4106-B208-5CD2DA7F54AC}.Debug|Any CPU.Build.0 = Debug|Any CPU
		{39AC8C5B-10B3-4106-B208-5CD2DA7F54AC}.Release|Any CPU.ActiveCfg = Release|Any CPU
		{39AC8C5B-10B3-4106-B208-5CD2DA7F54AC}.Release|Any CPU.Build.0 = Release|Any CPU
		{CDA93E5D-77BC-468D-AE90-D0536A75FDA2}.Debug|Any CPU.ActiveCfg = Debug|Any CPU
		{CDA93E5D-77BC-468D-AE90-D0536A75FDA2}.Debug|Any CPU.Build.0 = Debug|Any CPU
		{CDA93E5D-77BC-468D-AE90-D0536A75FDA2}.Release|Any CPU.ActiveCfg = Release|Any CPU
		{CDA93E5D-77BC-468D-AE90-D0536A75FDA2}.Release|Any CPU.Build.0 = Release|Any CPU
		{192C758D-11B9-4E88-B1A3-07473A5AD914}.Debug|Any CPU.ActiveCfg = Debug|Any CPU
		{192C758D-11B9-4E88-B1A3-07473A5AD914}.Debug|Any CPU.Build.0 = Debug|Any CPU
		{192C758D-11B9-4E88-B1A3-07473A5AD914}.Release|Any CPU.ActiveCfg = Release|Any CPU
		{192C758D-11B9-4E88-B1A3-07473A5AD914}.Release|Any CPU.Build.0 = Release|Any CPU
		{F03BF833-A3BE-41BB-9492-916A341471C6}.Debug|Any CPU.ActiveCfg = Debug|Any CPU
		{F03BF833-A3BE-41BB-9492-916A341471C6}.Debug|Any CPU.Build.0 = Debug|Any CPU
		{F03BF833-A3BE-41BB-9492-916A341471C6}.Release|Any CPU.ActiveCfg = Release|Any CPU
		{F03BF833-A3BE-41BB-9492-916A341471C6}.Release|Any CPU.Build.0 = Release|Any CPU
		{1707B235-A344-4FA3-93DA-1376312A7017}.Debug|Any CPU.ActiveCfg = Debug|Any CPU
		{1707B235-A344-4FA3-93DA-1376312A7017}.Debug|Any CPU.Build.0 = Debug|Any CPU
		{1707B235-A344-4FA3-93DA-1376312A7017}.Release|Any CPU.ActiveCfg = Release|Any CPU
		{1707B235-A344-4FA3-93DA-1376312A7017}.Release|Any CPU.Build.0 = Release|Any CPU
	EndGlobalSection
	GlobalSection(SolutionProperties) = preSolution
		HideSolutionNode = FALSE
	EndGlobalSection
	GlobalSection(NestedProjects) = preSolution
		{39AC8C5B-10B3-4106-B208-5CD2DA7F54AC} = {B093CC11-6D13-4100-BC67-ADA7288DA4A8}
		{B093CC11-6D13-4100-BC67-ADA7288DA4A8} = {D6B975B7-9855-45CE-8DD7-71A02713D838}
		{4B5B58FD-877E-45AC-8E82-BC20818D0215} = {A7A00B5F-AC96-4699-A730-B66EA9A4BCE8}
		{8EB89717-2A88-48F7-8CE9-B05C66462236} = {A7A00B5F-AC96-4699-A730-B66EA9A4BCE8}
		{B0F832CE-8DF8-46A0-8507-2F442E5AFA27} = {A7A00B5F-AC96-4699-A730-B66EA9A4BCE8}
		{4C02EBE3-73B1-4310-B701-7FF59A508298} = {946BF0BA-318D-454B-8AB6-63F55A726ED7}
		{CDA93E5D-77BC-468D-AE90-D0536A75FDA2} = {4B5B58FD-877E-45AC-8E82-BC20818D0215}
		{192C758D-11B9-4E88-B1A3-07473A5AD914} = {8EB89717-2A88-48F7-8CE9-B05C66462236}
		{F03BF833-A3BE-41BB-9492-916A341471C6} = {B0F832CE-8DF8-46A0-8507-2F442E5AFA27}
		{1707B235-A344-4FA3-93DA-1376312A7017} = {4C02EBE3-73B1-4310-B701-7FF59A508298}
	EndGlobalSection
	GlobalSection(ExtensibilityGlobals) = postSolution
		SolutionGuid = {38B598B6-E36F-42DD-8752-3F942B29CA10}
	EndGlobalSection
EndGlobal
